
Microsoft Visual Studio Solution File, Format Version 12.00
# Visual Studio 15
VisualStudioVersion = 15.0.27428.2015
MinimumVisualStudioVersion = 10.0.40219.1
Project("{FAE04EC0-301F-11D3-BF4B-00C04F79EFBC}") = "CacheConsoleApp", "CacheConsoleApp.csproj", "{4146A20B-C6A0-4A3D-8754-9AFA308D3DA6}"
EndProject
Global
	GlobalSection(SolutionConfigurationPlatforms) = preSolution
		Debug|Any CPU = Debug|Any CPU
		Release|Any CPU = Release|Any CPU
	EndGlobalSection
	GlobalSection(ProjectConfigurationPlatforms) = postSolution
		{4146A20B-C6A0-4A3D-8754-9AFA308D3DA6}.Debug|Any CPU.ActiveCfg = Debug|Any CPU
		{4146A20B-C6A0-4A3D-8754-9AFA308D3DA6}.Debug|Any CPU.Build.0 = Debug|Any CPU
		{4146A20B-C6A0-4A3D-8754-9AFA308D3DA6}.Release|Any CPU.ActiveCfg = Release|Any CPU
		{4146A20B-C6A0-4A3D-8754-9AFA308D3DA6}.Release|Any CPU.Build.0 = Release|Any CPU
	EndGlobalSection
	GlobalSection(SolutionProperties) = preSolution
		HideSolutionNode = FALSE
	EndGlobalSection
	GlobalSection(ExtensibilityGlobals) = postSolution
		SolutionGuid = {B7E30491-12F3-4D62-82EA-73BF71473170}
	EndGlobalSection
EndGlobal
